
Microsoft Visual Studio Solution File, Format Version 12.00
# Visual Studio Version 17
VisualStudioVersion = 17.11.35312.102
MinimumVisualStudioVersion = 10.0.40219.1
Project("{9A19103F-16F7-4668-BE54-9A1E7A4F7556}") = "DesignPatterns", "DesignPatterns\DesignPatterns.csproj", "{57B4E7EB-BFBA-4195-9565-9F2ADC6E7984}"
EndProject
Project("{FAE04EC0-301F-11D3-BF4B-00C04F79EFBC}") = "PatternsUnitTest", "PatternsUnitTest\PatternsUnitTest.csproj", "{5D21697D-BE72-49E0-9651-C1F9A2AA1DD8}"
EndProject
Global
	GlobalSection(SolutionConfigurationPlatforms) = preSolution
		Debug|Any CPU = Debug|Any CPU
		Release|Any CPU = Release|Any CPU
	EndGlobalSection
	GlobalSection(ProjectConfigurationPlatforms) = postSolution
		{57B4E7EB-BFBA-4195-9565-9F2ADC6E7984}.Debug|Any CPU.ActiveCfg = Debug|Any CPU
		{57B4E7EB-BFBA-4195-9565-9F2ADC6E7984}.Debug|Any CPU.Build.0 = Debug|Any CPU
		{57B4E7EB-BFBA-4195-9565-9F2ADC6E7984}.Release|Any CPU.ActiveCfg = Release|Any CPU
		{57B4E7EB-BFBA-4195-9565-9F2ADC6E7984}.Release|Any CPU.Build.0 = Release|Any CPU
		{5D21697D-BE72-49E0-9651-C1F9A2AA1DD8}.Debug|Any CPU.ActiveCfg = Debug|Any CPU
		{5D21697D-BE72-49E0-9651-C1F9A2AA1DD8}.Debug|Any CPU.Build.0 = Debug|Any CPU
		{5D21697D-BE72-49E0-9651-C1F9A2AA1DD8}.Release|Any CPU.ActiveCfg = Release|Any CPU
		{5D21697D-BE72-49E0-9651-C1F9A2AA1DD8}.Release|Any CPU.Build.0 = Release|Any CPU
	EndGlobalSection
	GlobalSection(SolutionProperties) = preSolution
		HideSolutionNode = FALSE
	EndGlobalSection
	GlobalSection(ExtensibilityGlobals) = postSolution
		SolutionGuid = {093322BC-0EB3-4198-9D28-28EEBF8FF6A5}
	EndGlobalSection
EndGlobal
